
Microsoft Visual Studio Solution File, Format Version 12.00
# Visual Studio 2015
Project("{FAE04EC0-301F-11D3-BF4B-00C04F79EFBC}") = "Easy-Ex-it.CSharp", "Easy-Ex-it.CSharp.csproj", "{AE3B6619-FDDF-4BE7-C99C-F4EFBEBCA95F}"
EndProject
Project("{FAE04EC0-301F-11D3-BF4B-00C04F79EFBC}") = "Easy-Ex-it.CSharp.Editor", "Easy-Ex-it.CSharp.Editor.csproj", "{2DAC351E-EB08-2200-2754-1E58C9A51BF5}"
EndProject
Global
	GlobalSection(SolutionConfigurationPlatforms) = preSolution
		Debug|Any CPU = Debug|Any CPU
		Release|Any CPU = Release|Any CPU
	EndGlobalSection
	GlobalSection(ProjectConfigurationPlatforms) = postSolution
		{AE3B6619-FDDF-4BE7-C99C-F4EFBEBCA95F}.Debug|Any CPU.ActiveCfg = Debug|Any CPU
		{AE3B6619-FDDF-4BE7-C99C-F4EFBEBCA95F}.Debug|Any CPU.Build.0 = Debug|Any CPU
		{AE3B6619-FDDF-4BE7-C99C-F4EFBEBCA95F}.Release|Any CPU.ActiveCfg = Release|Any CPU
		{AE3B6619-FDDF-4BE7-C99C-F4EFBEBCA95F}.Release|Any CPU.Build.0 = Release|Any CPU
		{2DAC351E-EB08-2200-2754-1E58C9A51BF5}.Debug|Any CPU.ActiveCfg = Debug|Any CPU
		{2DAC351E-EB08-2200-2754-1E58C9A51BF5}.Debug|Any CPU.Build.0 = Debug|Any CPU
		{2DAC351E-EB08-2200-2754-1E58C9A51BF5}.Release|Any CPU.ActiveCfg = Release|Any CPU
		{2DAC351E-EB08-2200-2754-1E58C9A51BF5}.Release|Any CPU.Build.0 = Release|Any CPU
	EndGlobalSection
	GlobalSection(SolutionProperties) = preSolution
		HideSolutionNode = FALSE
	EndGlobalSection
EndGlobal
