
Microsoft Visual Studio Solution File, Format Version 11.00
# Visual Studio 2010
Project("{FAE04EC0-301F-11D3-BF4B-00C04F79EFBC}") = "Easy-Ex-it", "Assembly-CSharp.csproj", "{0F2721AC-C9C2-29F5-F521-C85A7FBF9323}"
EndProject
Project("{FAE04EC0-301F-11D3-BF4B-00C04F79EFBC}") = "Easy-Ex-it", "Assembly-CSharp-Editor.csproj", "{FA3B0D11-3872-FC69-A7F3-E9DA29330AA0}"
EndProject
Global
	GlobalSection(SolutionConfigurationPlatforms) = preSolution
		Debug|Any CPU = Debug|Any CPU
		Release|Any CPU = Release|Any CPU
	EndGlobalSection
	GlobalSection(ProjectConfigurationPlatforms) = postSolution
		{0F2721AC-C9C2-29F5-F521-C85A7FBF9323}.Debug|Any CPU.ActiveCfg = Debug|Any CPU
		{0F2721AC-C9C2-29F5-F521-C85A7FBF9323}.Debug|Any CPU.Build.0 = Debug|Any CPU
		{0F2721AC-C9C2-29F5-F521-C85A7FBF9323}.Release|Any CPU.ActiveCfg = Release|Any CPU
		{0F2721AC-C9C2-29F5-F521-C85A7FBF9323}.Release|Any CPU.Build.0 = Release|Any CPU
		{FA3B0D11-3872-FC69-A7F3-E9DA29330AA0}.Debug|Any CPU.ActiveCfg = Debug|Any CPU
		{FA3B0D11-3872-FC69-A7F3-E9DA29330AA0}.Debug|Any CPU.Build.0 = Debug|Any CPU
		{FA3B0D11-3872-FC69-A7F3-E9DA29330AA0}.Release|Any CPU.ActiveCfg = Release|Any CPU
		{FA3B0D11-3872-FC69-A7F3-E9DA29330AA0}.Release|Any CPU.Build.0 = Release|Any CPU
	EndGlobalSection
	GlobalSection(SolutionProperties) = preSolution
		HideSolutionNode = FALSE
	EndGlobalSection
	GlobalSection(MonoDevelopProperties) = preSolution
		StartupItem = Assembly-CSharp.csproj
	EndGlobalSection
EndGlobal
